PODS:
  - BZGMailgunEmailValidation (1.1.0)
  - Expecta (0.3.0)
  - libextobjc (0.4):
    - libextobjc/EXTADT (= 0.4)
    - libextobjc/EXTConcreteProtocol (= 0.4)
    - libextobjc/EXTKeyPathCoding (= 0.4)
    - libextobjc/EXTNil (= 0.4)
    - libextobjc/EXTSafeCategory (= 0.4)
    - libextobjc/EXTScope (= 0.4)
    - libextobjc/EXTSelectorChecking (= 0.4)
    - libextobjc/EXTSynthesize (= 0.4)
    - libextobjc/NSInvocation+EXT (= 0.4)
    - libextobjc/NSMethodSignature+EXT (= 0.4)
    - libextobjc/RuntimeExtensions (= 0.4)
    - libextobjc/UmbrellaHeader (= 0.4)
  - libextobjc/EXTADT (0.4):
    - libextobjc/RuntimeExtensions
  - libextobjc/EXTConcreteProtocol (0.4):
    - libextobjc/RuntimeExtensions
  - libextobjc/EXTKeyPathCoding (0.4):
    - libextobjc/RuntimeExtensions
  - libextobjc/EXTNil (0.4):
    - libextobjc/RuntimeExtensions
  - libextobjc/EXTSafeCategory (0.4):
    - libextobjc/RuntimeExtensions
  - libextobjc/EXTScope (0.4):
    - libextobjc/RuntimeExtensions
  - libextobjc/EXTSelectorChecking (0.4):
    - libextobjc/RuntimeExtensions
  - libextobjc/EXTSynthesize (0.4):
    - libextobjc/RuntimeExtensions
  - libextobjc/NSInvocation+EXT (0.4):
    - libextobjc/RuntimeExtensions
  - libextobjc/NSMethodSignature+EXT (0.4):
    - libextobjc/RuntimeExtensions
  - libextobjc/RuntimeExtensions (0.4)
  - libextobjc/UmbrellaHeader (0.4)
  - libPhoneNumber-iOS (0.7.2)
  - OCHamcrest (3.0.1)
  - OCMock (2.2.4)
  - OCMockito (1.1.0):
    - OCHamcrest (~> 3.0)
  - ReactiveCocoa (2.3):
    - ReactiveCocoa/UI (= 2.3)
  - ReactiveCocoa/Core (2.3):
    - ReactiveCocoa/no-arc
  - ReactiveCocoa/no-arc (2.3)
  - ReactiveCocoa/UI (2.3):
    - ReactiveCocoa/Core
  - Specta (0.2.1)

DEPENDENCIES:
  - BZGMailgunEmailValidation
  - Expecta (~> 0.3.0)
  - libextobjc (~> 0.4)
  - libPhoneNumber-iOS (~> 0.7)
  - OCMock (~> 2.2.3)
  - OCMockito (~> 1.1.0)
  - ReactiveCocoa (~> 2.3)
  - Specta (~> 0.2.1)

SPEC CHECKSUMS:
  BZGMailgunEmailValidation: abe6c4b55cf27a0ae89f00e0c78fd4ac82637ed0
  Expecta: ce8a51b9fad15a2cd573b291cb2909aaed865350
  libextobjc: ba42e4111f433273a886cd54f0ddaddb7f62f82f
  libPhoneNumber-iOS: 207db9b19395d5ba8898398626620568282fa2bc
  OCHamcrest: 207233b7d7a44dadd66aca398947cc7e029c9be5
  OCMock: 6db79185520e24f9f299548f2b8b07e41d881bd5
  OCMockito: bf7def7b3939f794b1e7b44420f611250b1f2781
  ReactiveCocoa: 2066583826c17dde8e90c41e489f682048cc57c9
  Specta: 9141310f46b1f68b676650ff2854e1ed0b74163a

COCOAPODS: 0.35.0
